
Microsoft Visual Studio Solution File, Format Version 12.00
# Visual Studio 2012
Project("{FAE04EC0-301F-11D3-BF4B-00C04F79EFBC}") = "Aproksymacja", "Aproksymacja\Aproksymacja.csproj", "{60797350-EE22-4E01-AA42-39092C5DD142}"
EndProject
Global
	GlobalSection(SolutionConfigurationPlatforms) = preSolution
		Debug|Any CPU = Debug|Any CPU
		Release|Any CPU = Release|Any CPU
	EndGlobalSection
	GlobalSection(ProjectConfigurationPlatforms) = postSolution
		{60797350-EE22-4E01-AA42-39092C5DD142}.Debug|Any CPU.ActiveCfg = Debug|Any CPU
		{60797350-EE22-4E01-AA42-39092C5DD142}.Debug|Any CPU.Build.0 = Debug|Any CPU
		{60797350-EE22-4E01-AA42-39092C5DD142}.Release|Any CPU.ActiveCfg = Release|Any CPU
		{60797350-EE22-4E01-AA42-39092C5DD142}.Release|Any CPU.Build.0 = Release|Any CPU
	EndGlobalSection
	GlobalSection(SolutionProperties) = preSolution
		HideSolutionNode = FALSE
	EndGlobalSection
EndGlobal
